// !$*UTF8*$!
{
	archiveVersion = 1;
	classes = {
	};
	objectVersion = 48;
	objects = {

/* Begin PBXBuildFile section */
		2D0766A720ACFE80002F0DA9 /* SeachPopupVC.swift in Sources */ = {isa = PBXBuildFile; fileRef = 2D0766A620ACFE80002F0DA9 /* SeachPopupVC.swift */; };
		2D0CDF2F20285A96000202ED /* AppDelegate.swift in Sources */ = {isa = PBXBuildFile; fileRef = 2D0CDF2E20285A96000202ED /* AppDelegate.swift */; };
		2D0CDF3120285A96000202ED /* LoginVC.swift in Sources */ = {isa = PBXBuildFile; fileRef = 2D0CDF3020285A96000202ED /* LoginVC.swift */; };
		2D0CDF3420285A96000202ED /* Main.storyboard in Resources */ = {isa = PBXBuildFile; fileRef = 2D0CDF3220285A96000202ED /* Main.storyboard */; };
		2D0CDF3620285A96000202ED /* Assets.xcassets in Resources */ = {isa = PBXBuildFile; fileRef = 2D0CDF3520285A96000202ED /* Assets.xcassets */; };
		2D0CDF3920285A96000202ED /* LaunchScreen.storyboard in Resources */ = {isa = PBXBuildFile; fileRef = 2D0CDF3720285A96000202ED /* LaunchScreen.storyboard */; };
		2D0CDF4420285A96000202ED /* UCBookTests.swift in Sources */ = {isa = PBXBuildFile; fileRef = 2D0CDF4320285A96000202ED /* UCBookTests.swift */; };
		2D0CDF4F20285A96000202ED /* UCBookUITests.swift in Sources */ = {isa = PBXBuildFile; fileRef = 2D0CDF4E20285A96000202ED /* UCBookUITests.swift */; };
		2D0CDF662029264A000202ED /* UserData.xcdatamodeld in Sources */ = {isa = PBXBuildFile; fileRef = 2D0CDF642029264A000202ED /* UserData.xcdatamodeld */; };
		2D0CDFA520294A2E000202ED /* firstLoginVC.swift in Sources */ = {isa = PBXBuildFile; fileRef = 2D0CDFA420294A2E000202ED /* firstLoginVC.swift */; };
		2D2A5DD9206A069F00FD9E98 /* FriendListItem.swift in Sources */ = {isa = PBXBuildFile; fileRef = 2D2A5DD8206A069F00FD9E98 /* FriendListItem.swift */; };
		2D32A4C4204FA3910005AC01 /* InstructorCell.swift in Sources */ = {isa = PBXBuildFile; fileRef = 2D32A4C3204FA3910005AC01 /* InstructorCell.swift */; };
		2D32A4C6204FA3A60005AC01 /* ReviewCell.swift in Sources */ = {isa = PBXBuildFile; fileRef = 2D32A4C5204FA3A60005AC01 /* ReviewCell.swift */; };
		2D32A4C8204FA3C20005AC01 /* MeetingLocationCell.swift in Sources */ = {isa = PBXBuildFile; fileRef = 2D32A4C7204FA3C20005AC01 /* MeetingLocationCell.swift */; };
		2D32A4CA204FA3D50005AC01 /* ISBNCell.swift in Sources */ = {isa = PBXBuildFile; fileRef = 2D32A4C9204FA3D50005AC01 /* ISBNCell.swift */; };
		2D32A4CC204FA3EF0005AC01 /* ConditionCell.swift in Sources */ = {isa = PBXBuildFile; fileRef = 2D32A4CB204FA3EF0005AC01 /* ConditionCell.swift */; };
		2D32A4CE20507C000005AC01 /* TableHeaderCell.swift in Sources */ = {isa = PBXBuildFile; fileRef = 2D32A4CD20507C000005AC01 /* TableHeaderCell.swift */; };
		2D32A4D020524F610005AC01 /* TableFooterCell.swift in Sources */ = {isa = PBXBuildFile; fileRef = 2D32A4CF20524F600005AC01 /* TableFooterCell.swift */; };
		2D344F4A203BB76400294279 /* LoginController.swift in Sources */ = {isa = PBXBuildFile; fileRef = 2D344F49203BB76400294279 /* LoginController.swift */; };
		2D344F4C203CA29200294279 /* loginVideo.mp4 in Resources */ = {isa = PBXBuildFile; fileRef = 2D344F4B203CA29200294279 /* loginVideo.mp4 */; };
		2D35F7B1204A219100E516E8 /* PostVC.swift in Sources */ = {isa = PBXBuildFile; fileRef = 2D35F7B0204A219100E516E8 /* PostVC.swift */; };
		2D35F7B3204A311100E516E8 /* 008-twitter.png in Resources */ = {isa = PBXBuildFile; fileRef = 2D35F7B2204A311100E516E8 /* 008-twitter.png */; };
		2D35F7B5204A579800E516E8 /* Expandable.swift in Sources */ = {isa = PBXBuildFile; fileRef = 2D35F7B4204A579800E516E8 /* Expandable.swift */; };
		2D35F7B7204B2D2C00E516E8 /* BookCell.swift in Sources */ = {isa = PBXBuildFile; fileRef = 2D35F7B6204B2D2C00E516E8 /* BookCell.swift */; };
		2D35F7B9204B42A700E516E8 /* BookHeaderCell.swift in Sources */ = {isa = PBXBuildFile; fileRef = 2D35F7B8204B42A700E516E8 /* BookHeaderCell.swift */; };
		2D3B1E2C2072C38F00528D80 /* MainTabBar.swift in Sources */ = {isa = PBXBuildFile; fileRef = 2D3B1E2B2072C38F00528D80 /* MainTabBar.swift */; };
		2D3DEC8520A24AE300F50540 /* HistoryCell.swift in Sources */ = {isa = PBXBuildFile; fileRef = 2D3DEC8420A24AE300F50540 /* HistoryCell.swift */; };
		2D3DEC8720A24B0000F50540 /* AccountReviewCell.swift in Sources */ = {isa = PBXBuildFile; fileRef = 2D3DEC8620A24B0000F50540 /* AccountReviewCell.swift */; };
		2D4B0EA520351EF200B4F203 /* GoogleService-Info.plist in Resources */ = {isa = PBXBuildFile; fileRef = 2D4B0EA420351EF200B4F203 /* GoogleService-Info.plist */; };
		2D4B0EA72035284100B4F203 /* PostingBoardVC2.swift in Sources */ = {isa = PBXBuildFile; fileRef = 2D4B0EA62035284100B4F203 /* PostingBoardVC2.swift */; };
		2D57C67220356CED001568BE /* CollectionVIewCells.swift in Sources */ = {isa = PBXBuildFile; fileRef = 2D57C67120356CED001568BE /* CollectionVIewCells.swift */; };
		2D57C67420356D3C001568BE /* CollectionViewCellsVC.swift in Sources */ = {isa = PBXBuildFile; fileRef = 2D57C67320356D3C001568BE /* CollectionViewCellsVC.swift */; };
		2D604A7E203FC46F001B5137 /* hubVideo.mp4 in Resources */ = {isa = PBXBuildFile; fileRef = 2D604A7D203FC46F001B5137 /* hubVideo.mp4 */; };
		2D604A8220408DCC001B5137 /* LoginTransitionVC.swift in Sources */ = {isa = PBXBuildFile; fileRef = 2D604A8120408DCC001B5137 /* LoginTransitionVC.swift */; };
		2D604A842047B0F4001B5137 /* BookBoardVC.swift in Sources */ = {isa = PBXBuildFile; fileRef = 2D604A832047B0F4001B5137 /* BookBoardVC.swift */; };
		2D643E1F2068512A008C1329 /* ChatVC.swift in Sources */ = {isa = PBXBuildFile; fileRef = 2D643E1E2068512A008C1329 /* ChatVC.swift */; };
		2D6D18C920B1633400C7985B /* Extensions.swift in Sources */ = {isa = PBXBuildFile; fileRef = 2D6D18C820B1633400C7985B /* Extensions.swift */; };
		2D7261E220B367C300F6587D /* fallList2018.txt in Resources */ = {isa = PBXBuildFile; fileRef = 2D7261E120B367C300F6587D /* fallList2018.txt */; };
		2D84596C203558BD005734AA /* PostingBoardViewVC.swift in Sources */ = {isa = PBXBuildFile; fileRef = 2D84596B203558BD005734AA /* PostingBoardViewVC.swift */; };
		2D9755FE2085256B00AEE921 /* PostPopupVC.swift in Sources */ = {isa = PBXBuildFile; fileRef = 2D9755FD2085256B00AEE921 /* PostPopupVC.swift */; };
		2D99FE482086EFC20010028D /* AccountVC.swift in Sources */ = {isa = PBXBuildFile; fileRef = 2D99FE472086EFC20010028D /* AccountVC.swift */; };
		2DA56D7B206700E5005748EA /* PostBoard.swift in Sources */ = {isa = PBXBuildFile; fileRef = 2DA56D7A206700E5005748EA /* PostBoard.swift */; };
		2DA56D7D20670E4C005748EA /* TestCell.swift in Sources */ = {isa = PBXBuildFile; fileRef = 2DA56D7C20670E4C005748EA /* TestCell.swift */; };
		2DA6648F2069E18300464E5D /* FriendListVC.swift in Sources */ = {isa = PBXBuildFile; fileRef = 2DA6648E2069E18300464E5D /* FriendListVC.swift */; };
		2DB4E561204B7B880077254A /* BookCellZero.swift in Sources */ = {isa = PBXBuildFile; fileRef = 2DB4E560204B7B880077254A /* BookCellZero.swift */; };
		2DB4E563204B7E970077254A /* face id.png in Resources */ = {isa = PBXBuildFile; fileRef = 2DB4E562204B7E960077254A /* face id.png */; };
		2DB4E565204C755D0077254A /* BookCellOne.swift in Sources */ = {isa = PBXBuildFile; fileRef = 2DB4E564204C755D0077254A /* BookCellOne.swift */; };
		2DB82DAC2073141900FF38F9 /* TabVC.swift in Sources */ = {isa = PBXBuildFile; fileRef = 2DB82DAB2073141900FF38F9 /* TabVC.swift */; };
		2DC4B02F202B9E9A00534A25 /* HubVC.swift in Sources */ = {isa = PBXBuildFile; fileRef = 2DC4B02E202B9E9A00534A25 /* HubVC.swift */; };
		2DC4B033202FC47900534A25 /* PasswordResetVC.swift in Sources */ = {isa = PBXBuildFile; fileRef = 2DC4B032202FC47900534A25 /* PasswordResetVC.swift */; };
		2DC4B0392031281800534A25 /* Student.swift in Sources */ = {isa = PBXBuildFile; fileRef = 2DC4B0382031281800534A25 /* Student.swift */; };
		2DC4B03B203128FB00534A25 /* Message.swift in Sources */ = {isa = PBXBuildFile; fileRef = 2DC4B03A203128FB00534A25 /* Message.swift */; };
		2DF4BBA020320BDB00DE772C /* Pods_UCBookTests.framework in Frameworks */ = {isa = PBXBuildFile; fileRef = 2E6593BCAFBE210BA9535AD5 /* Pods_UCBookTests.framework */; };
		2DF4BBA120320BDC00DE772C /* Pods_UCBookTests.framework in Frameworks */ = {isa = PBXBuildFile; fileRef = 2E6593BCAFBE210BA9535AD5 /* Pods_UCBookTests.framework */; };
		2DF4BBA220320C0400DE772C /* Pods_UCBookUITests.framework in Frameworks */ = {isa = PBXBuildFile; fileRef = BF97E3AC575E4AC21D686140 /* Pods_UCBookUITests.framework */; };
		2DF4BBA320320C0500DE772C /* Pods_UCBookUITests.framework in Frameworks */ = {isa = PBXBuildFile; fileRef = BF97E3AC575E4AC21D686140 /* Pods_UCBookUITests.framework */; };
		2DF4BBF12032460D00DE772C /* ChatBoard.storyboard in Resources */ = {isa = PBXBuildFile; fileRef = 2DF4BBF02032460D00DE772C /* ChatBoard.storyboard */; };
		2DF4BBF320324A2B00DE772C /* somefake.swift in Sources */ = {isa = PBXBuildFile; fileRef = 2DF4BBF220324A2B00DE772C /* somefake.swift */; };
		2DF4BBF520334C4700DE772C /* PostingBoard.storyboard in Resources */ = {isa = PBXBuildFile; fileRef = 2DF4BBF420334C4700DE772C /* PostingBoard.storyboard */; };
		2DF4BBF720334DBB00DE772C /* PostingBoardVC.swift in Sources */ = {isa = PBXBuildFile; fileRef = 2DF4BBF620334DBB00DE772C /* PostingBoardVC.swift */; };
		2DF4BBFB203500F100DE772C /* MessageCell.swift in Sources */ = {isa = PBXBuildFile; fileRef = 2DF4BBFA203500F100DE772C /* MessageCell.swift */; };
		B64DAA079CD6E9F7281FFDBA /* Pods_UCBook.framework in Frameworks */ = {isa = PBXBuildFile; fileRef = BFA6D22DD6F6F9B4E2111E0D /* Pods_UCBook.framework */; };
		E90A2DFC162EE6515F108BBA /* Pods_UCBookUITests.framework in Frameworks */ = {isa = PBXBuildFile; fileRef = BF97E3AC575E4AC21D686140 /* Pods_UCBookUITests.framework */; };
		F979253B3E434A6E0C6DE877 /* Pods_UCBookTests.framework in Frameworks */ = {isa = PBXBuildFile; fileRef = 2E6593BCAFBE210BA9535AD5 /* Pods_UCBookTests.framework */; };
/* End PBXBuildFile section */

/* Begin PBXContainerItemProxy section */
		2D0CDF4020285A96000202ED /* PBXContainerItemProxy */ = {
			isa = PBXContainerItemProxy;
			containerPortal = 2D0CDF2320285A96000202ED /* Project object */;
			proxyType = 1;
			remoteGlobalIDString = 2D0CDF2A20285A96000202ED;
			remoteInfo = UCBook;
		};
		2D0CDF4B20285A96000202ED /* PBXContainerItemProxy */ = {
			isa = PBXContainerItemProxy;
			containerPortal = 2D0CDF2320285A96000202ED /* Project object */;
			proxyType = 1;
			remoteGlobalIDString = 2D0CDF2A20285A96000202ED;
			remoteInfo = UCBook;
		};
/* End PBXContainerItemProxy section */

/* Begin PBXFileReference section */
		2436100A4393360F90B1D3F4 /* Pods-UCBookUITests.release.xcconfig */ = {isa = PBXFileReference; includeInIndex = 1; lastKnownFileType = text.xcconfig; name = "Pods-UCBookUITests.release.xcconfig"; path = "Pods/Target Support Files/Pods-UCBookUITests/Pods-UCBookUITests.release.xcconfig"; sourceTree = "<group>"; };
		24B4FFEF87BAA8DB86C5F739 /* Pods-UCBook.release.xcconfig */ = {isa = PBXFileReference; includeInIndex = 1; lastKnownFileType = text.xcconfig; name = "Pods-UCBook.release.xcconfig"; path = "Pods/Target Support Files/Pods-UCBook/Pods-UCBook.release.xcconfig"; sourceTree = "<group>"; };
		2D0766A620ACFE80002F0DA9 /* SeachPopupVC.swift */ = {isa = PBXFileReference; lastKnownFileType = sourcecode.swift; path = SeachPopupVC.swift; sourceTree = "<group>"; };
		2D0CDF2B20285A96000202ED /* UCBook.app */ = {isa = PBXFileReference; explicitFileType = wrapper.application; includeInIndex = 0; path = UCBook.app; sourceTree = BUILT_PRODUCTS_DIR; };
		2D0CDF2E20285A96000202ED /* AppDelegate.swift */ = {isa = PBXFileReference; lastKnownFileType = sourcecode.swift; path = AppDelegate.swift; sourceTree = "<group>"; };
		2D0CDF3020285A96000202ED /* LoginVC.swift */ = {isa = PBXFileReference; lastKnownFileType = sourcecode.swift; path = LoginVC.swift; sourceTree = "<group>"; };
		2D0CDF3320285A96000202ED /* Base */ = {isa = PBXFileReference; lastKnownFileType = file.storyboard; name = Base; path = Base.lproj/Main.storyboard; sourceTree = "<group>"; };
		2D0CDF3520285A96000202ED /* Assets.xcassets */ = {isa = PBXFileReference; lastKnownFileType = folder.assetcatalog; path = Assets.xcassets; sourceTree = "<group>"; };
		2D0CDF3820285A96000202ED /* Base */ = {isa = PBXFileReference; lastKnownFileType = file.storyboard; name = Base; path = Base.lproj/LaunchScreen.storyboard; sourceTree = "<group>"; };
		2D0CDF3A20285A96000202ED /* Info.plist */ = {isa = PBXFileReference; lastKnownFileType = text.plist.xml; path = Info.plist; sourceTree = "<group>"; };
		2D0CDF3F20285A96000202ED /* UCBookTests.xctest */ = {isa = PBXFileReference; explicitFileType = wrapper.cfbundle; includeInIndex = 0; path = UCBookTests.xctest; sourceTree = BUILT_PRODUCTS_DIR; };
		2D0CDF4320285A96000202ED /* UCBookTests.swift */ = {isa = PBXFileReference; lastKnownFileType = sourcecode.swift; path = UCBookTests.swift; sourceTree = "<group>"; };
		2D0CDF4520285A96000202ED /* Info.plist */ = {isa = PBXFileReference; lastKnownFileType = text.plist.xml; path = Info.plist; sourceTree = "<group>"; };
		2D0CDF4A20285A96000202ED /* UCBookUITests.xctest */ = {isa = PBXFileReference; explicitFileType = wrapper.cfbundle; includeInIndex = 0; path = UCBookUITests.xctest; sourceTree = BUILT_PRODUCTS_DIR; };
		2D0CDF4E20285A96000202ED /* UCBookUITests.swift */ = {isa = PBXFileReference; lastKnownFileType = sourcecode.swift; path = UCBookUITests.swift; sourceTree = "<group>"; };
		2D0CDF5020285A96000202ED /* Info.plist */ = {isa = PBXFileReference; lastKnownFileType = text.plist.xml; path = Info.plist; sourceTree = "<group>"; };
		2D0CDF652029264A000202ED /* UserData.xcdatamodel */ = {isa = PBXFileReference; lastKnownFileType = wrapper.xcdatamodel; path = UserData.xcdatamodel; sourceTree = "<group>"; };
		2D0CDFA420294A2E000202ED /* firstLoginVC.swift */ = {isa = PBXFileReference; lastKnownFileType = sourcecode.swift; path = firstLoginVC.swift; sourceTree = "<group>"; };
		2D2A5DD8206A069F00FD9E98 /* FriendListItem.swift */ = {isa = PBXFileReference; lastKnownFileType = sourcecode.swift; path = FriendListItem.swift; sourceTree = "<group>"; };
		2D32A4C3204FA3910005AC01 /* InstructorCell.swift */ = {isa = PBXFileReference; lastKnownFileType = sourcecode.swift; path = InstructorCell.swift; sourceTree = "<group>"; };
		2D32A4C5204FA3A60005AC01 /* ReviewCell.swift */ = {isa = PBXFileReference; lastKnownFileType = sourcecode.swift; path = ReviewCell.swift; sourceTree = "<group>"; };
		2D32A4C7204FA3C20005AC01 /* MeetingLocationCell.swift */ = {isa = PBXFileReference; lastKnownFileType = sourcecode.swift; path = MeetingLocationCell.swift; sourceTree = "<group>"; };
		2D32A4C9204FA3D50005AC01 /* ISBNCell.swift */ = {isa = PBXFileReference; lastKnownFileType = sourcecode.swift; path = ISBNCell.swift; sourceTree = "<group>"; };
		2D32A4CB204FA3EF0005AC01 /* ConditionCell.swift */ = {isa = PBXFileReference; lastKnownFileType = sourcecode.swift; path = ConditionCell.swift; sourceTree = "<group>"; };
		2D32A4CD20507C000005AC01 /* TableHeaderCell.swift */ = {isa = PBXFileReference; lastKnownFileType = sourcecode.swift; path = TableHeaderCell.swift; sourceTree = "<group>"; };
		2D32A4CF20524F600005AC01 /* TableFooterCell.swift */ = {isa = PBXFileReference; lastKnownFileType = sourcecode.swift; path = TableFooterCell.swift; sourceTree = "<group>"; };
		2D344F49203BB76400294279 /* LoginController.swift */ = {isa = PBXFileReference; lastKnownFileType = sourcecode.swift; path = LoginController.swift; sourceTree = "<group>"; };
		2D344F4B203CA29200294279 /* loginVideo.mp4 */ = {isa = PBXFileReference; lastKnownFileType = file; name = loginVideo.mp4; path = ../UCAppAssets/loginVideo.mp4; sourceTree = "<group>"; };
		2D35F7B0204A219100E516E8 /* PostVC.swift */ = {isa = PBXFileReference; lastKnownFileType = sourcecode.swift; path = PostVC.swift; sourceTree = "<group>"; };
		2D35F7B2204A311100E516E8 /* 008-twitter.png */ = {isa = PBXFileReference; lastKnownFileType = image.png; name = "008-twitter.png"; path = "../UCAppAssets/008-twitter.png"; sourceTree = "<group>"; };
		2D35F7B4204A579800E516E8 /* Expandable.swift */ = {isa = PBXFileReference; lastKnownFileType = sourcecode.swift; path = Expandable.swift; sourceTree = "<group>"; };
		2D35F7B6204B2D2C00E516E8 /* BookCell.swift */ = {isa = PBXFileReference; lastKnownFileType = sourcecode.swift; path = BookCell.swift; sourceTree = "<group>"; };
		2D35F7B8204B42A700E516E8 /* BookHeaderCell.swift */ = {isa = PBXFileReference; lastKnownFileType = sourcecode.swift; path = BookHeaderCell.swift; sourceTree = "<group>"; };
		2D3B1E2B2072C38F00528D80 /* MainTabBar.swift */ = {isa = PBXFileReference; lastKnownFileType = sourcecode.swift; path = MainTabBar.swift; sourceTree = "<group>"; };
		2D3DEC8420A24AE300F50540 /* HistoryCell.swift */ = {isa = PBXFileReference; lastKnownFileType = sourcecode.swift; path = HistoryCell.swift; sourceTree = "<group>"; };
		2D3DEC8620A24B0000F50540 /* AccountReviewCell.swift */ = {isa = PBXFileReference; lastKnownFileType = sourcecode.swift; path = AccountReviewCell.swift; sourceTree = "<group>"; };
		2D4B0EA420351EF200B4F203 /* GoogleService-Info.plist */ = {isa = PBXFileReference; fileEncoding = 4; lastKnownFileType = text.plist.xml; name = "GoogleService-Info.plist"; path = "../../../Downloads/GoogleService-Info.plist"; sourceTree = "<group>"; };
		2D4B0EA62035284100B4F203 /* PostingBoardVC2.swift */ = {isa = PBXFileReference; lastKnownFileType = sourcecode.swift; path = PostingBoardVC2.swift; sourceTree = "<group>"; };
		2D57C67120356CED001568BE /* CollectionVIewCells.swift */ = {isa = PBXFileReference; lastKnownFileType = sourcecode.swift; path = CollectionVIewCells.swift; sourceTree = "<group>"; };
		2D57C67320356D3C001568BE /* CollectionViewCellsVC.swift */ = {isa = PBXFileReference; lastKnownFileType = sourcecode.swift; path = CollectionViewCellsVC.swift; sourceTree = "<group>"; };
		2D604A7D203FC46F001B5137 /* hubVideo.mp4 */ = {isa = PBXFileReference; lastKnownFileType = file; name = hubVideo.mp4; path = UCBook/Assets.xcassets/hubVideo.dataset/hubVideo.mp4; sourceTree = "<group>"; };
		2D604A8120408DCC001B5137 /* LoginTransitionVC.swift */ = {isa = PBXFileReference; lastKnownFileType = sourcecode.swift; path = LoginTransitionVC.swift; sourceTree = "<group>"; };
		2D604A832047B0F4001B5137 /* BookBoardVC.swift */ = {isa = PBXFileReference; lastKnownFileType = sourcecode.swift; path = BookBoardVC.swift; sourceTree = "<group>"; };
		2D643E1E2068512A008C1329 /* ChatVC.swift */ = {isa = PBXFileReference; lastKnownFileType = sourcecode.swift; path = ChatVC.swift; sourceTree = "<group>"; };
		2D6D18C820B1633400C7985B /* Extensions.swift */ = {isa = PBXFileReference; lastKnownFileType = sourcecode.swift; path = Extensions.swift; sourceTree = "<group>"; };
		2D7261E120B367C300F6587D /* fallList2018.txt */ = {isa = PBXFileReference; fileEncoding = 4; lastKnownFileType = text; name = fallList2018.txt; path = ../../fallList2018.txt; sourceTree = "<group>"; };
		2D84596B203558BD005734AA /* PostingBoardViewVC.swift */ = {isa = PBXFileReference; lastKnownFileType = sourcecode.swift; path = PostingBoardViewVC.swift; sourceTree = "<group>"; };
		2D9755FD2085256B00AEE921 /* PostPopupVC.swift */ = {isa = PBXFileReference; lastKnownFileType = sourcecode.swift; path = PostPopupVC.swift; sourceTree = "<group>"; };
		2D99FE472086EFC20010028D /* AccountVC.swift */ = {isa = PBXFileReference; lastKnownFileType = sourcecode.swift; path = AccountVC.swift; sourceTree = "<group>"; };
		2DA56D7A206700E5005748EA /* PostBoard.swift */ = {isa = PBXFileReference; lastKnownFileType = sourcecode.swift; path = PostBoard.swift; sourceTree = "<group>"; };
		2DA56D7C20670E4C005748EA /* TestCell.swift */ = {isa = PBXFileReference; lastKnownFileType = sourcecode.swift; path = TestCell.swift; sourceTree = "<group>"; };
		2DA6648E2069E18300464E5D /* FriendListVC.swift */ = {isa = PBXFileReference; lastKnownFileType = sourcecode.swift; path = FriendListVC.swift; sourceTree = "<group>"; };
		2DB4E560204B7B880077254A /* BookCellZero.swift */ = {isa = PBXFileReference; lastKnownFileType = sourcecode.swift; path = BookCellZero.swift; sourceTree = "<group>"; };
		2DB4E562204B7E960077254A /* face id.png */ = {isa = PBXFileReference; lastKnownFileType = image.png; name = "face id.png"; path = "../UCAppAssets/face id.png"; sourceTree = "<group>"; };
		2DB4E564204C755D0077254A /* BookCellOne.swift */ = {isa = PBXFileReference; lastKnownFileType = sourcecode.swift; path = BookCellOne.swift; sourceTree = "<group>"; };
		2DB82DAB2073141900FF38F9 /* TabVC.swift */ = {isa = PBXFileReference; lastKnownFileType = sourcecode.swift; path = TabVC.swift; sourceTree = "<group>"; };
		2DC4B02E202B9E9A00534A25 /* HubVC.swift */ = {isa = PBXFileReference; lastKnownFileType = sourcecode.swift; path = HubVC.swift; sourceTree = "<group>"; };
		2DC4B032202FC47900534A25 /* PasswordResetVC.swift */ = {isa = PBXFileReference; lastKnownFileType = sourcecode.swift; path = PasswordResetVC.swift; sourceTree = "<group>"; };
		2DC4B0382031281800534A25 /* Student.swift */ = {isa = PBXFileReference; lastKnownFileType = sourcecode.swift; path = Student.swift; sourceTree = "<group>"; };
		2DC4B03A203128FB00534A25 /* Message.swift */ = {isa = PBXFileReference; lastKnownFileType = sourcecode.swift; path = Message.swift; sourceTree = "<group>"; };
		2DF4BBF02032460D00DE772C /* ChatBoard.storyboard */ = {isa = PBXFileReference; lastKnownFileType = file.storyboard; path = ChatBoard.storyboard; sourceTree = "<group>"; };
		2DF4BBF220324A2B00DE772C /* somefake.swift */ = {isa = PBXFileReference; lastKnownFileType = sourcecode.swift; path = somefake.swift; sourceTree = "<group>"; };
		2DF4BBF420334C4700DE772C /* PostingBoard.storyboard */ = {isa = PBXFileReference; lastKnownFileType = file.storyboard; path = PostingBoard.storyboard; sourceTree = "<group>"; };
		2DF4BBF620334DBB00DE772C /* PostingBoardVC.swift */ = {isa = PBXFileReference; lastKnownFileType = sourcecode.swift; path = PostingBoardVC.swift; sourceTree = "<group>"; };
		2DF4BBFA203500F100DE772C /* MessageCell.swift */ = {isa = PBXFileReference; lastKnownFileType = sourcecode.swift; path = MessageCell.swift; sourceTree = "<group>"; };
		2E6593BCAFBE210BA9535AD5 /* Pods_UCBookTests.framework */ = {isa = PBXFileReference; explicitFileType = wrapper.framework; includeInIndex = 0; path = Pods_UCBookTests.framework; sourceTree = BUILT_PRODUCTS_DIR; };
		76721059EDCCC9C64F5819F3 /* Pods-UCBook.debug.xcconfig */ = {isa = PBXFileReference; includeInIndex = 1; lastKnownFileType = text.xcconfig; name = "Pods-UCBook.debug.xcconfig"; path = "Pods/Target Support Files/Pods-UCBook/Pods-UCBook.debug.xcconfig"; sourceTree = "<group>"; };
		94BAA2F0B658BDF6F1E535B2 /* Pods-UCBookTests.debug.xcconfig */ = {isa = PBXFileReference; includeInIndex = 1; lastKnownFileType = text.xcconfig; name = "Pods-UCBookTests.debug.xcconfig"; path = "Pods/Target Support Files/Pods-UCBookTests/Pods-UCBookTests.debug.xcconfig"; sourceTree = "<group>"; };
		BF97E3AC575E4AC21D686140 /* Pods_UCBookUITests.framework */ = {isa = PBXFileReference; explicitFileType = wrapper.framework; includeInIndex = 0; path = Pods_UCBookUITests.framework; sourceTree = BUILT_PRODUCTS_DIR; };
		BFA6D22DD6F6F9B4E2111E0D /* Pods_UCBook.framework */ = {isa = PBXFileReference; explicitFileType = wrapper.framework; includeInIndex = 0; path = Pods_UCBook.framework; sourceTree = BUILT_PRODUCTS_DIR; };
		E454C472210201E6CECDEDCF /* Pods-UCBookTests.release.xcconfig */ = {isa = PBXFileReference; includeInIndex = 1; lastKnownFileType = text.xcconfig; name = "Pods-UCBookTests.release.xcconfig"; path = "Pods/Target Support Files/Pods-UCBookTests/Pods-UCBookTests.release.xcconfig"; sourceTree = "<group>"; };
		EB95BCF833EACBB6D1E7ADF7 /* Pods-UCBookUITests.debug.xcconfig */ = {isa = PBXFileReference; includeInIndex = 1; lastKnownFileType = text.xcconfig; name = "Pods-UCBookUITests.debug.xcconfig"; path = "Pods/Target Support Files/Pods-UCBookUITests/Pods-UCBookUITests.debug.xcconfig"; sourceTree = "<group>"; };
/* End PBXFileReference section */

/* Begin PBXFrameworksBuildPhase section */
		2D0CDF2820285A96000202ED /* Frameworks */ = {
			isa = PBXFrameworksBuildPhase;
			buildActionMask = 2147483647;
			files = (
				2DF4BBA320320C0500DE772C /* Pods_UCBookUITests.framework in Frameworks */,
				B64DAA079CD6E9F7281FFDBA /* Pods_UCBook.framework in Frameworks */,
				2DF4BBA120320BDC00DE772C /* Pods_UCBookTests.framework in Frameworks */,
			);
			runOnlyForDeploymentPostprocessing = 0;
		};
		2D0CDF3C20285A96000202ED /* Frameworks */ = {
			isa = PBXFrameworksBuildPhase;
			buildActionMask = 2147483647;
			files = (
				F979253B3E434A6E0C6DE877 /* Pods_UCBookTests.framework in Frameworks */,
				2DF4BBA220320C0400DE772C /* Pods_UCBookUITests.framework in Frameworks */,
			);
			runOnlyForDeploymentPostprocessing = 0;
		};
		2D0CDF4720285A96000202ED /* Frameworks */ = {
			isa = PBXFrameworksBuildPhase;
			buildActionMask = 2147483647;
			files = (
				E90A2DFC162EE6515F108BBA /* Pods_UCBookUITests.framework in Frameworks */,
				2DF4BBA020320BDB00DE772C /* Pods_UCBookTests.framework in Frameworks */,
			);
			runOnlyForDeploymentPostprocessing = 0;
		};
/* End PBXFrameworksBuildPhase section */

/* Begin PBXGroup section */
		24366A6504D07214F634CC6B /* Pods */ = {
			isa = PBXGroup;
			children = (
				76721059EDCCC9C64F5819F3 /* Pods-UCBook.debug.xcconfig */,
				24B4FFEF87BAA8DB86C5F739 /* Pods-UCBook.release.xcconfig */,
				94BAA2F0B658BDF6F1E535B2 /* Pods-UCBookTests.debug.xcconfig */,
				E454C472210201E6CECDEDCF /* Pods-UCBookTests.release.xcconfig */,
				EB95BCF833EACBB6D1E7ADF7 /* Pods-UCBookUITests.debug.xcconfig */,
				2436100A4393360F90B1D3F4 /* Pods-UCBookUITests.release.xcconfig */,
			);
			name = Pods;
			sourceTree = "<group>";
		};
		2D0CDF2220285A96000202ED = {
			isa = PBXGroup;
			children = (
				2DB4E562204B7E960077254A /* face id.png */,
				2D35F7B2204A311100E516E8 /* 008-twitter.png */,
				2D604A7D203FC46F001B5137 /* hubVideo.mp4 */,
				2D344F4B203CA29200294279 /* loginVideo.mp4 */,
				2D0CDF2D20285A96000202ED /* UCBook */,
				2D0CDF4220285A96000202ED /* UCBookTests */,
				2D0CDF4D20285A96000202ED /* UCBookUITests */,
				2D0CDF2C20285A96000202ED /* Products */,
				24366A6504D07214F634CC6B /* Pods */,
				D1E4DE9BD095D869D00D8E9D /* Frameworks */,
			);
			sourceTree = "<group>";
		};
		2D0CDF2C20285A96000202ED /* Products */ = {
			isa = PBXGroup;
			children = (
				2D0CDF2B20285A96000202ED /* UCBook.app */,
				2D0CDF3F20285A96000202ED /* UCBookTests.xctest */,
				2D0CDF4A20285A96000202ED /* UCBookUITests.xctest */,
			);
			name = Products;
			sourceTree = "<group>";
		};
		2D0CDF2D20285A96000202ED /* UCBook */ = {
			isa = PBXGroup;
			children = (
				2D7261E120B367C300F6587D /* fallList2018.txt */,
				2D57C675203B620F001568BE /* Singleton */,
				2DF4BBFE2035021800DE772C /* Model */,
				2DF4BBFD2035021200DE772C /* Controller */,
				2DF4BBFC2035020C00DE772C /* VIew */,
				2D0CDF642029264A000202ED /* UserData.xcdatamodeld */,
				2D0CDF3520285A96000202ED /* Assets.xcassets */,
				2D0CDF3A20285A96000202ED /* Info.plist */,
				2D0CDF3720285A96000202ED /* LaunchScreen.storyboard */,
				2D4B0EA420351EF200B4F203 /* GoogleService-Info.plist */,
			);
			path = UCBook;
			sourceTree = "<group>";
		};
		2D0CDF4220285A96000202ED /* UCBookTests */ = {
			isa = PBXGroup;
			children = (
				2D0CDF4320285A96000202ED /* UCBookTests.swift */,
				2D0CDF4520285A96000202ED /* Info.plist */,
			);
			path = UCBookTests;
			sourceTree = "<group>";
		};
		2D0CDF4D20285A96000202ED /* UCBookUITests */ = {
			isa = PBXGroup;
			children = (
				2D0CDF4E20285A96000202ED /* UCBookUITests.swift */,
				2D0CDF5020285A96000202ED /* Info.plist */,
			);
			path = UCBookUITests;
			sourceTree = "<group>";
		};
		2D57C675203B620F001568BE /* Singleton */ = {
			isa = PBXGroup;
			children = (
				2D0CDF2E20285A96000202ED /* AppDelegate.swift */,
			);
			path = Singleton;
			sourceTree = "<group>";
		};
		2DF4BBFC2035020C00DE772C /* VIew */ = {
			isa = PBXGroup;
			children = (
				2D0CDF3220285A96000202ED /* Main.storyboard */,
				2DF4BBF02032460D00DE772C /* ChatBoard.storyboard */,
				2DF4BBF420334C4700DE772C /* PostingBoard.storyboard */,
			);
			path = VIew;
			sourceTree = "<group>";
		};
		2DF4BBFD2035021200DE772C /* Controller */ = {
			isa = PBXGroup;
			children = (
				2DF4BBF220324A2B00DE772C /* somefake.swift */,
				2D0CDF3020285A96000202ED /* LoginVC.swift */,
				2D0CDFA420294A2E000202ED /* firstLoginVC.swift */,
				2DC4B02E202B9E9A00534A25 /* HubVC.swift */,
				2DC4B032202FC47900534A25 /* PasswordResetVC.swift */,
				2DF4BBF620334DBB00DE772C /* PostingBoardVC.swift */,
				2D4B0EA62035284100B4F203 /* PostingBoardVC2.swift */,
				2D84596B203558BD005734AA /* PostingBoardViewVC.swift */,
				2D57C67320356D3C001568BE /* CollectionViewCellsVC.swift */,
				2D344F49203BB76400294279 /* LoginController.swift */,
				2D604A8120408DCC001B5137 /* LoginTransitionVC.swift */,
				2D604A832047B0F4001B5137 /* BookBoardVC.swift */,
				2D35F7B0204A219100E516E8 /* PostVC.swift */,
				2DA56D7A206700E5005748EA /* PostBoard.swift */,
				2DA6648E2069E18300464E5D /* FriendListVC.swift */,
				2D643E1E2068512A008C1329 /* ChatVC.swift */,
				2DB82DAB2073141900FF38F9 /* TabVC.swift */,
				2D9755FD2085256B00AEE921 /* PostPopupVC.swift */,
				2D99FE472086EFC20010028D /* AccountVC.swift */,
				2D0766A620ACFE80002F0DA9 /* SeachPopupVC.swift */,
			);
			path = Controller;
			sourceTree = "<group>";
		};
		2DF4BBFE2035021800DE772C /* Model */ = {
			isa = PBXGroup;
			children = (
				2DC4B0382031281800534A25 /* Student.swift */,
				2DC4B03A203128FB00534A25 /* Message.swift */,
				2DF4BBFA203500F100DE772C /* MessageCell.swift */,
				2D57C67120356CED001568BE /* CollectionVIewCells.swift */,
				2D35F7B4204A579800E516E8 /* Expandable.swift */,
				2D35F7B6204B2D2C00E516E8 /* BookCell.swift */,
				2D35F7B8204B42A700E516E8 /* BookHeaderCell.swift */,
				2DB4E560204B7B880077254A /* BookCellZero.swift */,
				2DB4E564204C755D0077254A /* BookCellOne.swift */,
				2D32A4C3204FA3910005AC01 /* InstructorCell.swift */,
				2D32A4C5204FA3A60005AC01 /* ReviewCell.swift */,
				2D32A4C7204FA3C20005AC01 /* MeetingLocationCell.swift */,
				2D32A4C9204FA3D50005AC01 /* ISBNCell.swift */,
				2D32A4CB204FA3EF0005AC01 /* ConditionCell.swift */,
				2D32A4CD20507C000005AC01 /* TableHeaderCell.swift */,
				2D32A4CF20524F600005AC01 /* TableFooterCell.swift */,
				2DA56D7C20670E4C005748EA /* TestCell.swift */,
				2D2A5DD8206A069F00FD9E98 /* FriendListItem.swift */,
				2D3B1E2B2072C38F00528D80 /* MainTabBar.swift */,
				2D3DEC8420A24AE300F50540 /* HistoryCell.swift */,
				2D3DEC8620A24B0000F50540 /* AccountReviewCell.swift */,
				2D6D18C820B1633400C7985B /* Extensions.swift */,
			);
			path = Model;
			sourceTree = "<group>";
		};
		D1E4DE9BD095D869D00D8E9D /* Frameworks */ = {
			isa = PBXGroup;
			children = (
				BFA6D22DD6F6F9B4E2111E0D /* Pods_UCBook.framework */,
				2E6593BCAFBE210BA9535AD5 /* Pods_UCBookTests.framework */,
				BF97E3AC575E4AC21D686140 /* Pods_UCBookUITests.framework */,
			);
			name = Frameworks;
			sourceTree = "<group>";
			usesTabs = 0;
		};
/* End PBXGroup section */

/* Begin PBXNativeTarget section */
		2D0CDF2A20285A96000202ED /* UCBook */ = {
			isa = PBXNativeTarget;
			buildConfigurationList = 2D0CDF5320285A96000202ED /* Build configuration list for PBXNativeTarget "UCBook" */;
			buildPhases = (
				ABD092071802E80210E08E94 /* [CP] Check Pods Manifest.lock */,
				2D0CDF2720285A96000202ED /* Sources */,
				2D0CDF2820285A96000202ED /* Frameworks */,
				2D0CDF2920285A96000202ED /* Resources */,
				47908CCA29F58D612C907B7A /* [CP] Embed Pods Frameworks */,
				5567D7949B30EF03475ED34B /* [CP] Copy Pods Resources */,
			);
			buildRules = (
			);
			dependencies = (
			);
			name = UCBook;
			productName = UCBook;
			productReference = 2D0CDF2B20285A96000202ED /* UCBook.app */;
			productType = "com.apple.product-type.application";
		};
		2D0CDF3E20285A96000202ED /* UCBookTests */ = {
			isa = PBXNativeTarget;
			buildConfigurationList = 2D0CDF5620285A96000202ED /* Build configuration list for PBXNativeTarget "UCBookTests" */;
			buildPhases = (
				3A69B7C698C9DA00F84AF3A6 /* [CP] Check Pods Manifest.lock */,
				2D0CDF3B20285A96000202ED /* Sources */,
				2D0CDF3C20285A96000202ED /* Frameworks */,
				2D0CDF3D20285A96000202ED /* Resources */,
				F5E38B1032197EBB0EDDD7F5 /* [CP] Embed Pods Frameworks */,
				C27EBC4E043EDAB6A7AFB5C0 /* [CP] Copy Pods Resources */,
			);
			buildRules = (
			);
			dependencies = (
				2D0CDF4120285A96000202ED /* PBXTargetDependency */,
			);
			name = UCBookTests;
			productName = UCBookTests;
			productReference = 2D0CDF3F20285A96000202ED /* UCBookTests.xctest */;
			productType = "com.apple.product-type.bundle.unit-test";
		};
		2D0CDF4920285A96000202ED /* UCBookUITests */ = {
			isa = PBXNativeTarget;
			buildConfigurationList = 2D0CDF5920285A96000202ED /* Build configuration list for PBXNativeTarget "UCBookUITests" */;
			buildPhases = (
				731CFDB46124430D3B22F68B /* [CP] Check Pods Manifest.lock */,
				2D0CDF4620285A96000202ED /* Sources */,
				2D0CDF4720285A96000202ED /* Frameworks */,
				2D0CDF4820285A96000202ED /* Resources */,
				F229AB56E20E31B45FBDB5D5 /* [CP] Embed Pods Frameworks */,
				9A6474D21081370CE307E742 /* [CP] Copy Pods Resources */,
			);
			buildRules = (
			);
			dependencies = (
				2D0CDF4C20285A96000202ED /* PBXTargetDependency */,
			);
			name = UCBookUITests;
			productName = UCBookUITests;
			productReference = 2D0CDF4A20285A96000202ED /* UCBookUITests.xctest */;
			productType = "com.apple.product-type.bundle.ui-testing";
		};
/* End PBXNativeTarget section */

/* Begin PBXProject section */
		2D0CDF2320285A96000202ED /* Project object */ = {
			isa = PBXProject;
			attributes = {
				LastSwiftUpdateCheck = 0920;
				LastUpgradeCheck = 0920;
				ORGANIZATIONNAME = "Trieveon Cooper";
				TargetAttributes = {
					2D0CDF2A20285A96000202ED = {
						CreatedOnToolsVersion = 9.2;
						ProvisioningStyle = Automatic;
					};
					2D0CDF3E20285A96000202ED = {
						CreatedOnToolsVersion = 9.2;
						ProvisioningStyle = Automatic;
						TestTargetID = 2D0CDF2A20285A96000202ED;
					};
					2D0CDF4920285A96000202ED = {
						CreatedOnToolsVersion = 9.2;
						ProvisioningStyle = Automatic;
						TestTargetID = 2D0CDF2A20285A96000202ED;
					};
				};
			};
			buildConfigurationList = 2D0CDF2620285A96000202ED /* Build configuration list for PBXProject "UCBook" */;
			compatibilityVersion = "Xcode 8.0";
			developmentRegion = en;
			hasScannedForEncodings = 0;
			knownRegions = (
				en,
				Base,
			);
			mainGroup = 2D0CDF2220285A96000202ED;
			productRefGroup = 2D0CDF2C20285A96000202ED /* Products */;
			projectDirPath = "";
			projectRoot = "";
			targets = (
				2D0CDF2A20285A96000202ED /* UCBook */,
				2D0CDF3E20285A96000202ED /* UCBookTests */,
				2D0CDF4920285A96000202ED /* UCBookUITests */,
			);
		};
/* End PBXProject section */

/* Begin PBXResourcesBuildPhase section */
		2D0CDF2920285A96000202ED /* Resources */ = {
			isa = PBXResourcesBuildPhase;
			buildActionMask = 2147483647;
			files = (
				2DB4E563204B7E970077254A /* face id.png in Resources */,
				2D35F7B3204A311100E516E8 /* 008-twitter.png in Resources */,
				2D604A7E203FC46F001B5137 /* hubVideo.mp4 in Resources */,
				2D344F4C203CA29200294279 /* loginVideo.mp4 in Resources */,
				2D0CDF3920285A96000202ED /* LaunchScreen.storyboard in Resources */,
				2DF4BBF12032460D00DE772C /* ChatBoard.storyboard in Resources */,
				2D0CDF3620285A96000202ED /* Assets.xcassets in Resources */,
				2D0CDF3420285A96000202ED /* Main.storyboard in Resources */,
				2D7261E220B367C300F6587D /* fallList2018.txt in Resources */,
				2DF4BBF520334C4700DE772C /* PostingBoard.storyboard in Resources */,
				2D4B0EA520351EF200B4F203 /* GoogleService-Info.plist in Resources */,
			);
			runOnlyForDeploymentPostprocessing = 0;
		};
		2D0CDF3D20285A96000202ED /* Resources */ = {
			isa = PBXResourcesBuildPhase;
			buildActionMask = 2147483647;
			files = (
			);
			runOnlyForDeploymentPostprocessing = 0;
		};
		2D0CDF4820285A96000202ED /* Resources */ = {
			isa = PBXResourcesBuildPhase;
			buildActionMask = 2147483647;
			files = (
			);
			runOnlyForDeploymentPostprocessing = 0;
		};
/* End PBXResourcesBuildPhase section */

/* Begin PBXShellScriptBuildPhase section */
		3A69B7C698C9DA00F84AF3A6 /* [CP] Check Pods Manifest.lock */ = {
			isa = PBXShellScriptBuildPhase;
			buildActionMask = 2147483647;
			files = (
			);
			inputPaths = (
				"${PODS_PODFILE_DIR_PATH}/Podfile.lock",
				"${PODS_ROOT}/Manifest.lock",
			);
			name = "[CP] Check Pods Manifest.lock";
			outputPaths = (
				"$(DERIVED_FILE_DIR)/Pods-UCBookTests-checkManifestLockResult.txt",
			);
			runOnlyForDeploymentPostprocessing = 0;
			shellPath = /bin/sh;
			shellScript = "diff \"${PODS_PODFILE_DIR_PATH}/Podfile.lock\" \"${PODS_ROOT}/Manifest.lock\" > /dev/null\nif [ $? != 0 ] ; then\n    # print error to STDERR\n    echo \"error: The sandbox is not in sync with the Podfile.lock. Run 'pod install' or update your CocoaPods installation.\" >&2\n    exit 1\nfi\n# This output is used by Xcode 'outputs' to avoid re-running this script phase.\necho \"SUCCESS\" > \"${SCRIPT_OUTPUT_FILE_0}\"\n";
			showEnvVarsInLog = 0;
		};
		47908CCA29F58D612C907B7A /* [CP] Embed Pods Frameworks */ = {
			isa = PBXShellScriptBuildPhase;
			buildActionMask = 12;
			files = (
			);
			inputPaths = (
				"${SRCROOT}/Pods/Target Support Files/Pods-UCBook/Pods-UCBook-frameworks.sh",
				"${BUILT_PRODUCTS_DIR}/GTMSessionFetcher/GTMSessionFetcher.framework",
				"${BUILT_PRODUCTS_DIR}/GoogleToolboxForMac/GoogleToolboxForMac.framework",
				"${BUILT_PRODUCTS_DIR}/Protobuf/Protobuf.framework",
				"${BUILT_PRODUCTS_DIR}/leveldb-library/leveldb.framework",
				"${BUILT_PRODUCTS_DIR}/nanopb/nanopb.framework",
			);
			name = "[CP] Embed Pods Frameworks";
			outputPaths = (
				"${TARGET_BUILD_DIR}/${FRAMEWORKS_FOLDER_PATH}/GTMSessionFetcher.framework",
				"${TARGET_BUILD_DIR}/${FRAMEWORKS_FOLDER_PATH}/GoogleToolboxForMac.framework",
				"${TARGET_BUILD_DIR}/${FRAMEWORKS_FOLDER_PATH}/Protobuf.framework",
				"${TARGET_BUILD_DIR}/${FRAMEWORKS_FOLDER_PATH}/leveldb.framework",
				"${TARGET_BUILD_DIR}/${FRAMEWORKS_FOLDER_PATH}/nanopb.framework",
			);
			runOnlyForDeploymentPostprocessing = 0;
			shellPath = /bin/sh;
			shellScript = "\"${SRCROOT}/Pods/Target Support Files/Pods-UCBook/Pods-UCBook-frameworks.sh\"\n";
			showEnvVarsInLog = 0;
		};
		5567D7949B30EF03475ED34B /* [CP] Copy Pods Resources */ = {
			isa = PBXShellScriptBuildPhase;
			buildActionMask = 12;
			files = (
			);
			inputPaths = (
				"${SRCROOT}/Pods/Target Support Files/Pods-UCBook/Pods-UCBook-resources.sh",
				"${PODS_ROOT}/FirebaseInvites/Resources/GINInviteResources.bundle",
				"${PODS_ROOT}/FirebaseInvites/Resources/GPPACLPickerResources.bundle",
				"${PODS_ROOT}/GoogleSignIn/Resources/GoogleSignIn.bundle",
			);
			name = "[CP] Copy Pods Resources";
			outputPaths = (
				"${TARGET_BUILD_DIR}/${UNLOCALIZED_RESOURCES_FOLDER_PATH}/GINInviteResources.bundle",
				"${TARGET_BUILD_DIR}/${UNLOCALIZED_RESOURCES_FOLDER_PATH}/GPPACLPickerResources.bundle",
				"${TARGET_BUILD_DIR}/${UNLOCALIZED_RESOURCES_FOLDER_PATH}/GoogleSignIn.bundle",
			);
			runOnlyForDeploymentPostprocessing = 0;
			shellPath = /bin/sh;
			shellScript = "\"${SRCROOT}/Pods/Target Support Files/Pods-UCBook/Pods-UCBook-resources.sh\"\n";
			showEnvVarsInLog = 0;
		};
		731CFDB46124430D3B22F68B /* [CP] Check Pods Manifest.lock */ = {
			isa = PBXShellScriptBuildPhase;
			buildActionMask = 2147483647;
			files = (
			);
			inputPaths = (
				"${PODS_PODFILE_DIR_PATH}/Podfile.lock",
				"${PODS_ROOT}/Manifest.lock",
			);
			name = "[CP] Check Pods Manifest.lock";
			outputPaths = (
				"$(DERIVED_FILE_DIR)/Pods-UCBookUITests-checkManifestLockResult.txt",
			);
			runOnlyForDeploymentPostprocessing = 0;
			shellPath = /bin/sh;
			shellScript = "diff \"${PODS_PODFILE_DIR_PATH}/Podfile.lock\" \"${PODS_ROOT}/Manifest.lock\" > /dev/null\nif [ $? != 0 ] ; then\n    # print error to STDERR\n    echo \"error: The sandbox is not in sync with the Podfile.lock. Run 'pod install' or update your CocoaPods installation.\" >&2\n    exit 1\nfi\n# This output is used by Xcode 'outputs' to avoid re-running this script phase.\necho \"SUCCESS\" > \"${SCRIPT_OUTPUT_FILE_0}\"\n";
			showEnvVarsInLog = 0;
		};
		9A6474D21081370CE307E742 /* [CP] Copy Pods Resources */ = {
			isa = PBXShellScriptBuildPhase;
			buildActionMask = 2147483647;
			files = (
			);
			inputPaths = (
			);
			name = "[CP] Copy Pods Resources";
			outputPaths = (
			);
			runOnlyForDeploymentPostprocessing = 0;
			shellPath = /bin/sh;
			shellScript = "\"${SRCROOT}/Pods/Target Support Files/Pods-UCBookUITests/Pods-UCBookUITests-resources.sh\"\n";
			showEnvVarsInLog = 0;
		};
		ABD092071802E80210E08E94 /* [CP] Check Pods Manifest.lock */ = {
			isa = PBXShellScriptBuildPhase;
			buildActionMask = 12;
			files = (
			);
			inputPaths = (
				"${PODS_PODFILE_DIR_PATH}/Podfile.lock",
				"${PODS_ROOT}/Manifest.lock",
			);
			name = "[CP] Check Pods Manifest.lock";
			outputPaths = (
				"$(DERIVED_FILE_DIR)/Pods-UCBook-checkManifestLockResult.txt",
			);
			runOnlyForDeploymentPostprocessing = 0;
			shellPath = /bin/sh;
			shellScript = "diff \"${PODS_PODFILE_DIR_PATH}/Podfile.lock\" \"${PODS_ROOT}/Manifest.lock\" > /dev/null\nif [ $? != 0 ] ; then\n    # print error to STDERR\n    echo \"error: The sandbox is not in sync with the Podfile.lock. Run 'pod install' or update your CocoaPods installation.\" >&2\n    exit 1\nfi\n# This output is used by Xcode 'outputs' to avoid re-running this script phase.\necho \"SUCCESS\" > \"${SCRIPT_OUTPUT_FILE_0}\"\n";
			showEnvVarsInLog = 0;
		};
		C27EBC4E043EDAB6A7AFB5C0 /* [CP] Copy Pods Resources */ = {
			isa = PBXShellScriptBuildPhase;
			buildActionMask = 2147483647;
			files = (
			);
			inputPaths = (
			);
			name = "[CP] Copy Pods Resources";
			outputPaths = (
			);
			runOnlyForDeploymentPostprocessing = 0;
			shellPath = /bin/sh;
			shellScript = "\"${SRCROOT}/Pods/Target Support Files/Pods-UCBookTests/Pods-UCBookTests-resources.sh\"\n";
			showEnvVarsInLog = 0;
		};
		F229AB56E20E31B45FBDB5D5 /* [CP] Embed Pods Frameworks */ = {
			isa = PBXShellScriptBuildPhase;
			buildActionMask = 2147483647;
			files = (
			);
			inputPaths = (
				"${SRCROOT}/Pods/Target Support Files/Pods-UCBookUITests/Pods-UCBookUITests-frameworks.sh",
				"${BUILT_PRODUCTS_DIR}/GoogleToolboxForMac/GoogleToolboxForMac.framework",
				"${BUILT_PRODUCTS_DIR}/nanopb/nanopb.framework",
			);
			name = "[CP] Embed Pods Frameworks";
			outputPaths = (
				"${TARGET_BUILD_DIR}/${FRAMEWORKS_FOLDER_PATH}/GoogleToolboxForMac.framework",
				"${TARGET_BUILD_DIR}/${FRAMEWORKS_FOLDER_PATH}/nanopb.framework",
			);
			runOnlyForDeploymentPostprocessing = 0;
			shellPath = /bin/sh;
			shellScript = "\"${SRCROOT}/Pods/Target Support Files/Pods-UCBookUITests/Pods-UCBookUITests-frameworks.sh\"\n";
			showEnvVarsInLog = 0;
		};
		F5E38B1032197EBB0EDDD7F5 /* [CP] Embed Pods Frameworks */ = {
			isa = PBXShellScriptBuildPhase;
			buildActionMask = 2147483647;
			files = (
			);
			inputPaths = (
			);
			name = "[CP] Embed Pods Frameworks";
			outputPaths = (
			);
			runOnlyForDeploymentPostprocessing = 0;
			shellPath = /bin/sh;
			shellScript = "\"${SRCROOT}/Pods/Target Support Files/Pods-UCBookTests/Pods-UCBookTests-frameworks.sh\"\n";
			showEnvVarsInLog = 0;
		};
/* End PBXShellScriptBuildPhase section */

/* Begin PBXSourcesBuildPhase section */
		2D0CDF2720285A96000202ED /* Sources */ = {
			isa = PBXSourcesBuildPhase;
			buildActionMask = 2147483647;
			files = (
				2DF4BBF720334DBB00DE772C /* PostingBoardVC.swift in Sources */,
				2D57C67420356D3C001568BE /* CollectionViewCellsVC.swift in Sources */,
				2D32A4CC204FA3EF0005AC01 /* ConditionCell.swift in Sources */,
				2D0CDF662029264A000202ED /* UserData.xcdatamodeld in Sources */,
				2D35F7B7204B2D2C00E516E8 /* BookCell.swift in Sources */,
				2D9755FE2085256B00AEE921 /* PostPopupVC.swift in Sources */,
				2DC4B033202FC47900534A25 /* PasswordResetVC.swift in Sources */,
				2DC4B03B203128FB00534A25 /* Message.swift in Sources */,
				2DB4E561204B7B880077254A /* BookCellZero.swift in Sources */,
				2D35F7B1204A219100E516E8 /* PostVC.swift in Sources */,
				2D32A4C8204FA3C20005AC01 /* MeetingLocationCell.swift in Sources */,
				2DF4BBFB203500F100DE772C /* MessageCell.swift in Sources */,
				2D0CDF3120285A96000202ED /* LoginVC.swift in Sources */,
				2D32A4D020524F610005AC01 /* TableFooterCell.swift in Sources */,
				2D604A8220408DCC001B5137 /* LoginTransitionVC.swift in Sources */,
				2D604A842047B0F4001B5137 /* BookBoardVC.swift in Sources */,
				2D99FE482086EFC20010028D /* AccountVC.swift in Sources */,
				2D35F7B9204B42A700E516E8 /* BookHeaderCell.swift in Sources */,
				2D84596C203558BD005734AA /* PostingBoardViewVC.swift in Sources */,
				2DC4B02F202B9E9A00534A25 /* HubVC.swift in Sources */,
				2D4B0EA72035284100B4F203 /* PostingBoardVC2.swift in Sources */,
				2D3B1E2C2072C38F00528D80 /* MainTabBar.swift in Sources */,
				2D0CDFA520294A2E000202ED /* firstLoginVC.swift in Sources */,
				2DA6648F2069E18300464E5D /* FriendListVC.swift in Sources */,
				2DB4E565204C755D0077254A /* BookCellOne.swift in Sources */,
				2D3DEC8520A24AE300F50540 /* HistoryCell.swift in Sources */,
				2D57C67220356CED001568BE /* CollectionVIewCells.swift in Sources */,
				2D3DEC8720A24B0000F50540 /* AccountReviewCell.swift in Sources */,
				2DA56D7D20670E4C005748EA /* TestCell.swift in Sources */,
				2D32A4CE20507C000005AC01 /* TableHeaderCell.swift in Sources */,
				2D643E1F2068512A008C1329 /* ChatVC.swift in Sources */,
				2D6D18C920B1633400C7985B /* Extensions.swift in Sources */,
				2D35F7B5204A579800E516E8 /* Expandable.swift in Sources */,
				2DA56D7B206700E5005748EA /* PostBoard.swift in Sources */,
				2D32A4CA204FA3D50005AC01 /* ISBNCell.swift in Sources */,
				2DF4BBF320324A2B00DE772C /* somefake.swift in Sources */,
				2D32A4C4204FA3910005AC01 /* InstructorCell.swift in Sources */,
				2D344F4A203BB76400294279 /* LoginController.swift in Sources */,
				2D32A4C6204FA3A60005AC01 /* ReviewCell.swift in Sources */,
				2DB82DAC2073141900FF38F9 /* TabVC.swift in Sources */,
				2D0CDF2F20285A96000202ED /* AppDelegate.swift in Sources */,
				2D2A5DD9206A069F00FD9E98 /* FriendListItem.swift in Sources */,
				2D0766A720ACFE80002F0DA9 /* SeachPopupVC.swift in Sources */,
				2DC4B0392031281800534A25 /* Student.swift in Sources */,
			);
			runOnlyForDeploymentPostprocessing = 0;
		};
		2D0CDF3B20285A96000202ED /* Sources */ = {
			isa = PBXSourcesBuildPhase;
			buildActionMask = 2147483647;
			files = (
				2D0CDF4420285A96000202ED /* UCBookTests.swift in Sources */,
			);
			runOnlyForDeploymentPostprocessing = 0;
		};
		2D0CDF4620285A96000202ED /* Sources */ = {
			isa = PBXSourcesBuildPhase;
			buildActionMask = 2147483647;
			files = (
				2D0CDF4F20285A96000202ED /* UCBookUITests.swift in Sources */,
			);
			runOnlyForDeploymentPostprocessing = 0;
		};
/* End PBXSourcesBuildPhase section */

/* Begin PBXTargetDependency section */
		2D0CDF4120285A96000202ED /* PBXTargetDependency */ = {
			isa = PBXTargetDependency;
			target = 2D0CDF2A20285A96000202ED /* UCBook */;
			targetProxy = 2D0CDF4020285A96000202ED /* PBXContainerItemProxy */;
		};
		2D0CDF4C20285A96000202ED /* PBXTargetDependency */ = {
			isa = PBXTargetDependency;
			target = 2D0CDF2A20285A96000202ED /* UCBook */;
			targetProxy = 2D0CDF4B20285A96000202ED /* PBXContainerItemProxy */;
		};
/* End PBXTargetDependency section */

/* Begin PBXVariantGroup section */
		2D0CDF3220285A96000202ED /* Main.storyboard */ = {
			isa = PBXVariantGroup;
			children = (
				2D0CDF3320285A96000202ED /* Base */,
			);
			name = Main.storyboard;
			sourceTree = "<group>";
		};
		2D0CDF3720285A96000202ED /* LaunchScreen.storyboard */ = {
			isa = PBXVariantGroup;
			children = (
				2D0CDF3820285A96000202ED /* Base */,
			);
			name = LaunchScreen.storyboard;
			sourceTree = "<group>";
		};
/* End PBXVariantGroup section */

/* Begin XCBuildConfiguration section */
		2D0CDF5120285A96000202ED /* Debug */ = {
			isa = XCBuildConfiguration;
			buildSettings = {
				ALWAYS_SEARCH_USER_PATHS = NO;
				CLANG_ANALYZER_NONNULL = YES;
				CLANG_ANALYZER_NUMBER_OBJECT_CONVERSION = YES_AGGRESSIVE;
				CLANG_CXX_LANGUAGE_STANDARD = "gnu++14";
				CLANG_CXX_LIBRARY = "libc++";
				CLANG_ENABLE_MODULES = YES;
				CLANG_ENABLE_OBJC_ARC = YES;
				CLANG_WARN_BLOCK_CAPTURE_AUTORELEASING = YES;
				CLANG_WARN_BOOL_CONVERSION = YES;
				CLANG_WARN_COMMA = YES;
				CLANG_WARN_CONSTANT_CONVERSION = YES;
				CLANG_WARN_DIRECT_OBJC_ISA_USAGE = YES_ERROR;
				CLANG_WARN_DOCUMENTATION_COMMENTS = YES;
				CLANG_WARN_EMPTY_BODY = YES;
				CLANG_WARN_ENUM_CONVERSION = YES;
				CLANG_WARN_INFINITE_RECURSION = YES;
				CLANG_WARN_INT_CONVERSION = YES;
				CLANG_WARN_NON_LITERAL_NULL_CONVERSION = YES;
				CLANG_WARN_OBJC_LITERAL_CONVERSION = YES;
				CLANG_WARN_OBJC_ROOT_CLASS = YES_ERROR;
				CLANG_WARN_RANGE_LOOP_ANALYSIS = YES;
				CLANG_WARN_STRICT_PROTOTYPES = YES;
				CLANG_WARN_SUSPICIOUS_MOVE = YES;
				CLANG_WARN_UNGUARDED_AVAILABILITY = YES_AGGRESSIVE;
				CLANG_WARN_UNREACHABLE_CODE = YES;
				CLANG_WARN__DUPLICATE_METHOD_MATCH = YES;
				CODE_SIGN_IDENTITY = "iPhone Developer";
				COPY_PHASE_STRIP = NO;
				DEBUG_INFORMATION_FORMAT = dwarf;
				ENABLE_STRICT_OBJC_MSGSEND = YES;
				ENABLE_TESTABILITY = YES;
				GCC_C_LANGUAGE_STANDARD = gnu11;
				GCC_DYNAMIC_NO_PIC = NO;
				GCC_NO_COMMON_BLOCKS = YES;
				GCC_OPTIMIZATION_LEVEL = 0;
				GCC_PREPROCESSOR_DEFINITIONS = (
					"DEBUG=1",
					"$(inherited)",
				);
				GCC_WARN_64_TO_32_BIT_CONVERSION = YES;
				GCC_WARN_ABOUT_RETURN_TYPE = YES_ERROR;
				GCC_WARN_UNDECLARED_SELECTOR = YES;
				GCC_WARN_UNINITIALIZED_AUTOS = YES_AGGRESSIVE;
				GCC_WARN_UNUSED_FUNCTION = YES;
				GCC_WARN_UNUSED_VARIABLE = YES;
				IPHONEOS_DEPLOYMENT_TARGET = 11.2;
				MTL_ENABLE_DEBUG_INFO = YES;
				ONLY_ACTIVE_ARCH = YES;
				SDKROOT = iphoneos;
				SWIFT_ACTIVE_COMPILATION_CONDITIONS = DEBUG;
				SWIFT_OPTIMIZATION_LEVEL = "-Onone";
			};
			name = Debug;
		};
		2D0CDF5220285A96000202ED /* Release */ = {
			isa = XCBuildConfiguration;
			buildSettings = {
				ALWAYS_SEARCH_USER_PATHS = NO;
				CLANG_ANALYZER_NONNULL = YES;
				CLANG_ANALYZER_NUMBER_OBJECT_CONVERSION = YES_AGGRESSIVE;
				CLANG_CXX_LANGUAGE_STANDARD = "gnu++14";
				CLANG_CXX_LIBRARY = "libc++";
				CLANG_ENABLE_MODULES = YES;
				CLANG_ENABLE_OBJC_ARC = YES;
				CLANG_WARN_BLOCK_CAPTURE_AUTORELEASING = YES;
				CLANG_WARN_BOOL_CONVERSION = YES;
				CLANG_WARN_COMMA = YES;
				CLANG_WARN_CONSTANT_CONVERSION = YES;
				CLANG_WARN_DIRECT_OBJC_ISA_USAGE = YES_ERROR;
				CLANG_WARN_DOCUMENTATION_COMMENTS = YES;
				CLANG_WARN_EMPTY_BODY = YES;
				CLANG_WARN_ENUM_CONVERSION = YES;
				CLANG_WARN_INFINITE_RECURSION = YES;
				CLANG_WARN_INT_CONVERSION = YES;
				CLANG_WARN_NON_LITERAL_NULL_CONVERSION = YES;
				CLANG_WARN_OBJC_LITERAL_CONVERSION = YES;
				CLANG_WARN_OBJC_ROOT_CLASS = YES_ERROR;
				CLANG_WARN_RANGE_LOOP_ANALYSIS = YES;
				CLANG_WARN_STRICT_PROTOTYPES = YES;
				CLANG_WARN_SUSPICIOUS_MOVE = YES;
				CLANG_WARN_UNGUARDED_AVAILABILITY = YES_AGGRESSIVE;
				CLANG_WARN_UNREACHABLE_CODE = YES;
				CLANG_WARN__DUPLICATE_METHOD_MATCH = YES;
				CODE_SIGN_IDENTITY = "iPhone Developer";
				COPY_PHASE_STRIP = NO;
				DEBUG_INFORMATION_FORMAT = "dwarf-with-dsym";
				ENABLE_NS_ASSERTIONS = NO;
				ENABLE_STRICT_OBJC_MSGSEND = YES;
				GCC_C_LANGUAGE_STANDARD = gnu11;
				GCC_NO_COMMON_BLOCKS = YES;
				GCC_WARN_64_TO_32_BIT_CONVERSION = YES;
				GCC_WARN_ABOUT_RETURN_TYPE = YES_ERROR;
				GCC_WARN_UNDECLARED_SELECTOR = YES;
				GCC_WARN_UNINITIALIZED_AUTOS = YES_AGGRESSIVE;
				GCC_WARN_UNUSED_FUNCTION = YES;
				GCC_WARN_UNUSED_VARIABLE = YES;
				IPHONEOS_DEPLOYMENT_TARGET = 11.2;
				MTL_ENABLE_DEBUG_INFO = NO;
				SDKROOT = iphoneos;
				SWIFT_OPTIMIZATION_LEVEL = "-Owholemodule";
				VALIDATE_PRODUCT = YES;
			};
			name = Release;
		};
		2D0CDF5420285A96000202ED /* Debug */ = {
			isa = XCBuildConfiguration;
			baseConfigurationReference = 76721059EDCCC9C64F5819F3 /* Pods-UCBook.debug.xcconfig */;
			buildSettings = {
				ASSETCATALOG_COMPILER_APPICON_NAME = AppIcon;
				CODE_SIGN_STYLE = Automatic;
				DEVELOPMENT_TEAM = K7L685QH7K;
				INFOPLIST_FILE = UCBook/Info.plist;
				IPHONEOS_DEPLOYMENT_TARGET = 10.0;
				LD_RUNPATH_SEARCH_PATHS = "$(inherited) @executable_path/Frameworks";
				PRODUCT_BUNDLE_IDENTIFIER = com.IOSBookApp;
				PRODUCT_NAME = "$(TARGET_NAME)";
				SWIFT_VERSION = 4.0;
				SYSTEM_FRAMEWORK_SEARCH_PATHS = "$(inherited) \"${PODS_ROOT}/FirebaseAnalytics/Frameworks\" \"${PODS_ROOT}/FirebaseAuth/Frameworks\" \"${PODS_ROOT}/FirebaseDatabase/Frameworks\" \"${PODS_ROOT}/FirebaseInstanceID/Frameworks\" \"${PODS_ROOT}/FirebaseStorage/Frameworks\" \"${PODS_ROOT}/GoogleInterchangeUtilities/Frameworks\" \"${PODS_ROOT}/GoogleNetworkingUtilities/Frameworks\" \"${PODS_ROOT}/GoogleUtilities/Frameworks\" \"${PODS_ROOT}/GoogleSymbolUtilities/Frameworks\"";
				TARGETED_DEVICE_FAMILY = "1,2";
			};
			name = Debug;
		};
		2D0CDF5520285A96000202ED /* Release */ = {
			isa = XCBuildConfiguration;
			baseConfigurationReference = 24B4FFEF87BAA8DB86C5F739 /* Pods-UCBook.release.xcconfig */;
			buildSettings = {
				ASSETCATALOG_COMPILER_APPICON_NAME = AppIcon;
				CODE_SIGN_STYLE = Automatic;
				DEVELOPMENT_TEAM = K7L685QH7K;
				INFOPLIST_FILE = UCBook/Info.plist;
				IPHONEOS_DEPLOYMENT_TARGET = 10.0;
				LD_RUNPATH_SEARCH_PATHS = "$(inherited) @executable_path/Frameworks";
				PRODUCT_BUNDLE_IDENTIFIER = com.IOSBookApp;
				PRODUCT_NAME = "$(TARGET_NAME)";
				SWIFT_VERSION = 4.0;
				SYSTEM_FRAMEWORK_SEARCH_PATHS = "$(inherited) \"${PODS_ROOT}/FirebaseAnalytics/Frameworks\" \"${PODS_ROOT}/FirebaseAuth/Frameworks\" \"${PODS_ROOT}/FirebaseDatabase/Frameworks\" \"${PODS_ROOT}/FirebaseInstanceID/Frameworks\" \"${PODS_ROOT}/FirebaseStorage/Frameworks\" \"${PODS_ROOT}/GoogleInterchangeUtilities/Frameworks\" \"${PODS_ROOT}/GoogleNetworkingUtilities/Frameworks\" \"${PODS_ROOT}/GoogleUtilities/Frameworks\" \"${PODS_ROOT}/GoogleSymbolUtilities/Frameworks\"";
				TARGETED_DEVICE_FAMILY = "1,2";
			};
			name = Release;
		};
		2D0CDF5720285A96000202ED /* Debug */ = {
			isa = XCBuildConfiguration;
			baseConfigurationReference = 94BAA2F0B658BDF6F1E535B2 /* Pods-UCBookTests.debug.xcconfig */;
			buildSettings = {
				ALWAYS_EMBED_SWIFT_STANDARD_LIBRARIES = YES;
				BUNDLE_LOADER = "$(TEST_HOST)";
				CODE_SIGN_STYLE = Automatic;
				INFOPLIST_FILE = UCBookTests/Info.plist;
				IPHONEOS_DEPLOYMENT_TARGET = 10.0;
				LD_RUNPATH_SEARCH_PATHS = "$(inherited) @executable_path/Frameworks @loader_path/Frameworks";
				PRODUCT_BUNDLE_IDENTIFIER = com.UCBook.UCBookTests;
				PRODUCT_NAME = "$(TARGET_NAME)";
				SWIFT_VERSION = 4.0;
				TARGETED_DEVICE_FAMILY = "1,2";
				TEST_HOST = "$(BUILT_PRODUCTS_DIR)/UCBook.app/UCBook";
			};
			name = Debug;
		};
		2D0CDF5820285A96000202ED /* Release */ = {
			isa = XCBuildConfiguration;
			baseConfigurationReference = E454C472210201E6CECDEDCF /* Pods-UCBookTests.release.xcconfig */;
			buildSettings = {
				ALWAYS_EMBED_SWIFT_STANDARD_LIBRARIES = YES;
				BUNDLE_LOADER = "$(TEST_HOST)";
				CODE_SIGN_STYLE = Automatic;
				INFOPLIST_FILE = UCBookTests/Info.plist;
				IPHONEOS_DEPLOYMENT_TARGET = 10.0;
				LD_RUNPATH_SEARCH_PATHS = "$(inherited) @executable_path/Frameworks @loader_path/Frameworks";
				PRODUCT_BUNDLE_IDENTIFIER = com.UCBook.UCBookTests;
				PRODUCT_NAME = "$(TARGET_NAME)";
				SWIFT_VERSION = 4.0;
				TARGETED_DEVICE_FAMILY = "1,2";
				TEST_HOST = "$(BUILT_PRODUCTS_DIR)/UCBook.app/UCBook";
			};
			name = Release;
		};
		2D0CDF5A20285A96000202ED /* Debug */ = {
			isa = XCBuildConfiguration;
			baseConfigurationReference = EB95BCF833EACBB6D1E7ADF7 /* Pods-UCBookUITests.debug.xcconfig */;
			buildSettings = {
				ALWAYS_EMBED_SWIFT_STANDARD_LIBRARIES = YES;
				CODE_SIGN_STYLE = Automatic;
				INFOPLIST_FILE = UCBookUITests/Info.plist;
				IPHONEOS_DEPLOYMENT_TARGET = 10.0;
				LD_RUNPATH_SEARCH_PATHS = "$(inherited) @executable_path/Frameworks @loader_path/Frameworks";
				PRODUCT_BUNDLE_IDENTIFIER = com.UCBook.UCBookUITests;
				PRODUCT_NAME = "$(TARGET_NAME)";
				SWIFT_VERSION = 4.0;
				TARGETED_DEVICE_FAMILY = "1,2";
				TEST_TARGET_NAME = UCBook;
			};
			name = Debug;
		};
		2D0CDF5B20285A96000202ED /* Release */ = {
			isa = XCBuildConfiguration;
			baseConfigurationReference = 2436100A4393360F90B1D3F4 /* Pods-UCBookUITests.release.xcconfig */;
			buildSettings = {
				ALWAYS_EMBED_SWIFT_STANDARD_LIBRARIES = YES;
				CODE_SIGN_STYLE = Automatic;
				INFOPLIST_FILE = UCBookUITests/Info.plist;
				IPHONEOS_DEPLOYMENT_TARGET = 10.0;
				LD_RUNPATH_SEARCH_PATHS = "$(inherited) @executable_path/Frameworks @loader_path/Frameworks";
				PRODUCT_BUNDLE_IDENTIFIER = com.UCBook.UCBookUITests;
				PRODUCT_NAME = "$(TARGET_NAME)";
				SWIFT_VERSION = 4.0;
				TARGETED_DEVICE_FAMILY = "1,2";
				TEST_TARGET_NAME = UCBook;
			};
			name = Release;
		};
/* End XCBuildConfiguration section */

/* Begin XCConfigurationList section */
		2D0CDF2620285A96000202ED /* Build configuration list for PBXProject "UCBook" */ = {
			isa = XCConfigurationList;
			buildConfigurations = (
				2D0CDF5120285A96000202ED /* Debug */,
				2D0CDF5220285A96000202ED /* Release */,
			);
			defaultConfigurationIsVisible = 0;
			defaultConfigurationName = Release;
		};
		2D0CDF5320285A96000202ED /* Build configuration list for PBXNativeTarget "UCBook" */ = {
			isa = XCConfigurationList;
			buildConfigurations = (
				2D0CDF5420285A96000202ED /* Debug */,
				2D0CDF5520285A96000202ED /* Release */,
			);
			defaultConfigurationIsVisible = 0;
			defaultConfigurationName = Release;
		};
		2D0CDF5620285A96000202ED /* Build configuration list for PBXNativeTarget "UCBookTests" */ = {
			isa = XCConfigurationList;
			buildConfigurations = (
				2D0CDF5720285A96000202ED /* Debug */,
				2D0CDF5820285A96000202ED /* Release */,
			);
			defaultConfigurationIsVisible = 0;
			defaultConfigurationName = Release;
		};
		2D0CDF5920285A96000202ED /* Build configuration list for PBXNativeTarget "UCBookUITests" */ = {
			isa = XCConfigurationList;
			buildConfigurations = (
				2D0CDF5A20285A96000202ED /* Debug */,
				2D0CDF5B20285A96000202ED /* Release */,
			);
			defaultConfigurationIsVisible = 0;
			defaultConfigurationName = Release;
		};
/* End XCConfigurationList section */

/* Begin XCVersionGroup section */
		2D0CDF642029264A000202ED /* UserData.xcdatamodeld */ = {
			isa = XCVersionGroup;
			children = (
				2D0CDF652029264A000202ED /* UserData.xcdatamodel */,
			);
			currentVersion = 2D0CDF652029264A000202ED /* UserData.xcdatamodel */;
			path = UserData.xcdatamodeld;
			sourceTree = "<group>";
			versionGroupType = wrapper.xcdatamodel;
		};
/* End XCVersionGroup section */
	};
	rootObject = 2D0CDF2320285A96000202ED /* Project object */;
}
